
Microsoft Visual Studio Solution File, Format Version 12.00
# Visual Studio 15
VisualStudioVersion = 15.0.28307.1267
MinimumVisualStudioVersion = 10.0.40219.1
Project("{FAE04EC0-301F-11D3-BF4B-00C04F79EFBC}") = "WCYDataSource", "WCYDataSource\WCYDataSource.csproj", "{A2DAD353-BB80-4E23-9777-F7CF2B30A92F}"
EndProject
Global
	GlobalSection(SolutionConfigurationPlatforms) = preSolution
		Debug|Any CPU = Debug|Any CPU
		Release|Any CPU = Release|Any CPU
	EndGlobalSection
	GlobalSection(ProjectConfigurationPlatforms) = postSolution
		{A2DAD353-BB80-4E23-9777-F7CF2B30A92F}.Debug|Any CPU.ActiveCfg = Debug|Any CPU
		{A2DAD353-BB80-4E23-9777-F7CF2B30A92F}.Debug|Any CPU.Build.0 = Debug|Any CPU
		{A2DAD353-BB80-4E23-9777-F7CF2B30A92F}.Release|Any CPU.ActiveCfg = Release|Any CPU
		{A2DAD353-BB80-4E23-9777-F7CF2B30A92F}.Release|Any CPU.Build.0 = Release|Any CPU
	EndGlobalSection
	GlobalSection(SolutionProperties) = preSolution
		HideSolutionNode = FALSE
	EndGlobalSection
	GlobalSection(ExtensibilityGlobals) = postSolution
		SolutionGuid = {CDE430AF-EEDD-4366-BD46-E62A62EEFCF6}
	EndGlobalSection
EndGlobal
